
Microsoft Visual Studio Solution File, Format Version 12.00
# Visual Studio 15
VisualStudioVersion = 15.0.27130.2027
MinimumVisualStudioVersion = 10.0.40219.1
Project("{FAE04EC0-301F-11D3-BF4B-00C04F79EFBC}") = "processkiller", "processkiller.csproj", "{0B2F162E-1368-4821-8631-E419B97E608C}"
EndProject
Global
	GlobalSection(SolutionConfigurationPlatforms) = preSolution
		Debug|Any CPU = Debug|Any CPU
		Release|Any CPU = Release|Any CPU
	EndGlobalSection
	GlobalSection(ProjectConfigurationPlatforms) = postSolution
		{0B2F162E-1368-4821-8631-E419B97E608C}.Debug|Any CPU.ActiveCfg = Debug|Any CPU
		{0B2F162E-1368-4821-8631-E419B97E608C}.Debug|Any CPU.Build.0 = Debug|Any CPU
		{0B2F162E-1368-4821-8631-E419B97E608C}.Release|Any CPU.ActiveCfg = Release|Any CPU
		{0B2F162E-1368-4821-8631-E419B97E608C}.Release|Any CPU.Build.0 = Release|Any CPU
	EndGlobalSection
	GlobalSection(SolutionProperties) = preSolution
		HideSolutionNode = FALSE
	EndGlobalSection
	GlobalSection(ExtensibilityGlobals) = postSolution
		SolutionGuid = {E5C36641-0D26-467B-8BDA-9E9BEEAD9714}
	EndGlobalSection
EndGlobal
